
Microsoft Visual Studio Solution File, Format Version 12.00
# Visual Studio 14
VisualStudioVersion = 14.0.25420.1
MinimumVisualStudioVersion = 10.0.40219.1
Project("{FAE04EC0-301F-11D3-BF4B-00C04F79EFBC}") = "Engoo.Console", "Engoo.Console\Engoo.Console.csproj", "{3B579E32-9645-4FE5-986B-20F1BF17B1D3}"
EndProject
Project("{FAE04EC0-301F-11D3-BF4B-00C04F79EFBC}") = "Engoo.Core", "Engoo.Core\Engoo.Core.csproj", "{0C4BF978-8877-45C3-B1F4-9293586C07B6}"
EndProject
Project("{FAE04EC0-301F-11D3-BF4B-00C04F79EFBC}") = "Engoo.Service", "Engoo.Service\Engoo.Service.csproj", "{5AA43EE3-4AB7-4244-AFE4-43B1D61D365D}"
EndProject
Global
	GlobalSection(SolutionConfigurationPlatforms) = preSolution
		Debug|Any CPU = Debug|Any CPU
		Release|Any CPU = Release|Any CPU
	EndGlobalSection
	GlobalSection(ProjectConfigurationPlatforms) = postSolution
		{3B579E32-9645-4FE5-986B-20F1BF17B1D3}.Debug|Any CPU.ActiveCfg = Debug|Any CPU
		{3B579E32-9645-4FE5-986B-20F1BF17B1D3}.Debug|Any CPU.Build.0 = Debug|Any CPU
		{3B579E32-9645-4FE5-986B-20F1BF17B1D3}.Release|Any CPU.ActiveCfg = Release|Any CPU
		{3B579E32-9645-4FE5-986B-20F1BF17B1D3}.Release|Any CPU.Build.0 = Release|Any CPU
		{0C4BF978-8877-45C3-B1F4-9293586C07B6}.Debug|Any CPU.ActiveCfg = Debug|Any CPU
		{0C4BF978-8877-45C3-B1F4-9293586C07B6}.Debug|Any CPU.Build.0 = Debug|Any CPU
		{0C4BF978-8877-45C3-B1F4-9293586C07B6}.Release|Any CPU.ActiveCfg = Release|Any CPU
		{0C4BF978-8877-45C3-B1F4-9293586C07B6}.Release|Any CPU.Build.0 = Release|Any CPU
		{5AA43EE3-4AB7-4244-AFE4-43B1D61D365D}.Debug|Any CPU.ActiveCfg = Debug|Any CPU
		{5AA43EE3-4AB7-4244-AFE4-43B1D61D365D}.Debug|Any CPU.Build.0 = Debug|Any CPU
		{5AA43EE3-4AB7-4244-AFE4-43B1D61D365D}.Release|Any CPU.ActiveCfg = Release|Any CPU
		{5AA43EE3-4AB7-4244-AFE4-43B1D61D365D}.Release|Any CPU.Build.0 = Release|Any CPU
	EndGlobalSection
	GlobalSection(SolutionProperties) = preSolution
		HideSolutionNode = FALSE
	EndGlobalSection
EndGlobal
